
Microsoft Visual Studio Solution File, Format Version 11.00
# Visual Studio 2010
Project("{FAE04EC0-301F-11D3-BF4B-00C04F79EFBC}") = "EveCache", "EveCache\EveCache.csproj", "{4FF8C04D-81A0-4352-9AF6-1FC283777626}"
EndProject
Project("{FAE04EC0-301F-11D3-BF4B-00C04F79EFBC}") = "Dumper", "Dumper\Dumper.csproj", "{65129564-41C7-4C5D-B2F5-DE2A4F860F57}"
EndProject
Project("{2150E333-8FDC-42A3-9474-1A3956D46DE8}") = "Solution Items", "Solution Items", "{01A47918-A48F-411E-8BB7-39F768AA9B94}"
	ProjectSection(SolutionItems) = preProject
		LICENSE.txt = LICENSE.txt
		README.txt = README.txt
	EndProjectSection
EndProject
Global
	GlobalSection(SolutionConfigurationPlatforms) = preSolution
		Debug|Any CPU = Debug|Any CPU
		Debug|Mixed Platforms = Debug|Mixed Platforms
		Debug|Win32 = Debug|Win32
		Debug|x86 = Debug|x86
		Release|Any CPU = Release|Any CPU
		Release|Mixed Platforms = Release|Mixed Platforms
		Release|Win32 = Release|Win32
		Release|x86 = Release|x86
		x64 Release|Any CPU = x64 Release|Any CPU
		x64 Release|Mixed Platforms = x64 Release|Mixed Platforms
		x64 Release|Win32 = x64 Release|Win32
		x64 Release|x86 = x64 Release|x86
		x86 Release|Any CPU = x86 Release|Any CPU
		x86 Release|Mixed Platforms = x86 Release|Mixed Platforms
		x86 Release|Win32 = x86 Release|Win32
		x86 Release|x86 = x86 Release|x86
	EndGlobalSection
	GlobalSection(ProjectConfigurationPlatforms) = postSolution
		{4FF8C04D-81A0-4352-9AF6-1FC283777626}.Debug|Any CPU.ActiveCfg = Debug|Any CPU
		{4FF8C04D-81A0-4352-9AF6-1FC283777626}.Debug|Any CPU.Build.0 = Debug|Any CPU
		{4FF8C04D-81A0-4352-9AF6-1FC283777626}.Debug|Mixed Platforms.ActiveCfg = Debug|Any CPU
		{4FF8C04D-81A0-4352-9AF6-1FC283777626}.Debug|Mixed Platforms.Build.0 = Debug|Any CPU
		{4FF8C04D-81A0-4352-9AF6-1FC283777626}.Debug|Win32.ActiveCfg = Debug|Any CPU
		{4FF8C04D-81A0-4352-9AF6-1FC283777626}.Debug|x86.ActiveCfg = Debug|Any CPU
		{4FF8C04D-81A0-4352-9AF6-1FC283777626}.Debug|x86.Build.0 = Debug|Any CPU
		{4FF8C04D-81A0-4352-9AF6-1FC283777626}.Release|Any CPU.ActiveCfg = x64 Release|Any CPU
		{4FF8C04D-81A0-4352-9AF6-1FC283777626}.Release|Any CPU.Build.0 = x64 Release|Any CPU
		{4FF8C04D-81A0-4352-9AF6-1FC283777626}.Release|Mixed Platforms.ActiveCfg = x64 Release|Any CPU
		{4FF8C04D-81A0-4352-9AF6-1FC283777626}.Release|Mixed Platforms.Build.0 = x64 Release|Any CPU
		{4FF8C04D-81A0-4352-9AF6-1FC283777626}.Release|Win32.ActiveCfg = x64 Release|Any CPU
		{4FF8C04D-81A0-4352-9AF6-1FC283777626}.Release|x86.ActiveCfg = x64 Release|Any CPU
		{4FF8C04D-81A0-4352-9AF6-1FC283777626}.x64 Release|Any CPU.ActiveCfg = x64 Release|Any CPU
		{4FF8C04D-81A0-4352-9AF6-1FC283777626}.x64 Release|Any CPU.Build.0 = x64 Release|Any CPU
		{4FF8C04D-81A0-4352-9AF6-1FC283777626}.x64 Release|Mixed Platforms.ActiveCfg = x64 Release|Any CPU
		{4FF8C04D-81A0-4352-9AF6-1FC283777626}.x64 Release|Mixed Platforms.Build.0 = x64 Release|Any CPU
		{4FF8C04D-81A0-4352-9AF6-1FC283777626}.x64 Release|Win32.ActiveCfg = x64 Release|Any CPU
		{4FF8C04D-81A0-4352-9AF6-1FC283777626}.x64 Release|x86.ActiveCfg = x64 Release|Any CPU
		{4FF8C04D-81A0-4352-9AF6-1FC283777626}.x86 Release|Any CPU.ActiveCfg = x86 Release|Any CPU
		{4FF8C04D-81A0-4352-9AF6-1FC283777626}.x86 Release|Any CPU.Build.0 = x86 Release|Any CPU
		{4FF8C04D-81A0-4352-9AF6-1FC283777626}.x86 Release|Mixed Platforms.ActiveCfg = x86 Release|Any CPU
		{4FF8C04D-81A0-4352-9AF6-1FC283777626}.x86 Release|Mixed Platforms.Build.0 = x86 Release|Any CPU
		{4FF8C04D-81A0-4352-9AF6-1FC283777626}.x86 Release|Win32.ActiveCfg = x86 Release|Any CPU
		{4FF8C04D-81A0-4352-9AF6-1FC283777626}.x86 Release|x86.ActiveCfg = x86 Release|Any CPU
		{65129564-41C7-4C5D-B2F5-DE2A4F860F57}.Debug|Any CPU.ActiveCfg = Debug|x86
		{65129564-41C7-4C5D-B2F5-DE2A4F860F57}.Debug|Any CPU.Build.0 = Debug|x86
		{65129564-41C7-4C5D-B2F5-DE2A4F860F57}.Debug|Mixed Platforms.ActiveCfg = Debug|x86
		{65129564-41C7-4C5D-B2F5-DE2A4F860F57}.Debug|Mixed Platforms.Build.0 = Debug|x86
		{65129564-41C7-4C5D-B2F5-DE2A4F860F57}.Debug|Win32.ActiveCfg = Debug|x86
		{65129564-41C7-4C5D-B2F5-DE2A4F860F57}.Debug|x86.ActiveCfg = Debug|x86
		{65129564-41C7-4C5D-B2F5-DE2A4F860F57}.Debug|x86.Build.0 = Debug|x86
		{65129564-41C7-4C5D-B2F5-DE2A4F860F57}.Release|Any CPU.ActiveCfg = x64 Release|x86
		{65129564-41C7-4C5D-B2F5-DE2A4F860F57}.Release|Mixed Platforms.ActiveCfg = x64 Release|x86
		{65129564-41C7-4C5D-B2F5-DE2A4F860F57}.Release|Mixed Platforms.Build.0 = x64 Release|x86
		{65129564-41C7-4C5D-B2F5-DE2A4F860F57}.Release|Win32.ActiveCfg = x64 Release|x86
		{65129564-41C7-4C5D-B2F5-DE2A4F860F57}.Release|x86.ActiveCfg = x64 Release|x86
		{65129564-41C7-4C5D-B2F5-DE2A4F860F57}.Release|x86.Build.0 = x64 Release|x86
		{65129564-41C7-4C5D-B2F5-DE2A4F860F57}.x64 Release|Any CPU.ActiveCfg = x64 Release|x86
		{65129564-41C7-4C5D-B2F5-DE2A4F860F57}.x64 Release|Any CPU.Build.0 = x64 Release|x86
		{65129564-41C7-4C5D-B2F5-DE2A4F860F57}.x64 Release|Mixed Platforms.ActiveCfg = x64 Release|x86
		{65129564-41C7-4C5D-B2F5-DE2A4F860F57}.x64 Release|Mixed Platforms.Build.0 = x64 Release|x86
		{65129564-41C7-4C5D-B2F5-DE2A4F860F57}.x64 Release|Win32.ActiveCfg = x64 Release|x86
		{65129564-41C7-4C5D-B2F5-DE2A4F860F57}.x64 Release|x86.ActiveCfg = x64 Release|x86
		{65129564-41C7-4C5D-B2F5-DE2A4F860F57}.x64 Release|x86.Build.0 = x64 Release|x86
		{65129564-41C7-4C5D-B2F5-DE2A4F860F57}.x86 Release|Any CPU.ActiveCfg = x86 Release|x86
		{65129564-41C7-4C5D-B2F5-DE2A4F860F57}.x86 Release|Any CPU.Build.0 = x86 Release|x86
		{65129564-41C7-4C5D-B2F5-DE2A4F860F57}.x86 Release|Mixed Platforms.ActiveCfg = x86 Release|x86
		{65129564-41C7-4C5D-B2F5-DE2A4F860F57}.x86 Release|Mixed Platforms.Build.0 = x86 Release|x86
		{65129564-41C7-4C5D-B2F5-DE2A4F860F57}.x86 Release|Win32.ActiveCfg = x86 Release|x86
		{65129564-41C7-4C5D-B2F5-DE2A4F860F57}.x86 Release|x86.ActiveCfg = x86 Release|x86
		{65129564-41C7-4C5D-B2F5-DE2A4F860F57}.x86 Release|x86.Build.0 = x86 Release|x86
	EndGlobalSection
	GlobalSection(SolutionProperties) = preSolution
		HideSolutionNode = FALSE
	EndGlobalSection
EndGlobal
